
Microsoft Visual Studio Solution File, Format Version 12.00
# Visual Studio Version 16
VisualStudioVersion = 16.0.30330.147
MinimumVisualStudioVersion = 10.0.40219.1
Project("{FAE04EC0-301F-11D3-BF4B-00C04F79EFBC}") = "Student_Exercises_ADONET", "Student_Exercises_ADONET\Student_Exercises_ADONET.csproj", "{32AD8F83-9AEA-42C2-949C-29C438618559}"
EndProject
Global
	GlobalSection(SolutionConfigurationPlatforms) = preSolution
		Debug|Any CPU = Debug|Any CPU
		Release|Any CPU = Release|Any CPU
	EndGlobalSection
	GlobalSection(ProjectConfigurationPlatforms) = postSolution
		{32AD8F83-9AEA-42C2-949C-29C438618559}.Debug|Any CPU.ActiveCfg = Debug|Any CPU
		{32AD8F83-9AEA-42C2-949C-29C438618559}.Debug|Any CPU.Build.0 = Debug|Any CPU
		{32AD8F83-9AEA-42C2-949C-29C438618559}.Release|Any CPU.ActiveCfg = Release|Any CPU
		{32AD8F83-9AEA-42C2-949C-29C438618559}.Release|Any CPU.Build.0 = Release|Any CPU
	EndGlobalSection
	GlobalSection(SolutionProperties) = preSolution
		HideSolutionNode = FALSE
	EndGlobalSection
	GlobalSection(ExtensibilityGlobals) = postSolution
		SolutionGuid = {BEE917A3-184A-46B8-A811-1B4E1920CF46}
	EndGlobalSection
EndGlobal
